
Microsoft Visual Studio Solution File, Format Version 12.00
# Visual Studio Version 17
VisualStudioVersion = 17.3.32901.215
MinimumVisualStudioVersion = 10.0.40219.1
Project("{9A19103F-16F7-4668-BE54-9A1E7A4F7556}") = "RedFoxVM", "src\RedFoxVM\RedFoxVM.csproj", "{8DC925CA-2A3C-48CB-8A94-B10D205C0C2E}"
EndProject
Project("{9A19103F-16F7-4668-BE54-9A1E7A4F7556}") = "RedFoxAssembly", "src\RedFoxAssembly\RedFoxAssembly.csproj", "{AAF8FD6A-A002-4C31-88F7-4A8CC2B6CB83}"
EndProject
Project("{9A19103F-16F7-4668-BE54-9A1E7A4F7556}") = "Compiler", "src\Crimson\Compiler\Compiler.csproj", "{6809D38B-0C6B-4879-948E-5CA0BD811F38}"
EndProject
Project("{9A19103F-16F7-4668-BE54-9A1E7A4F7556}") = "CLI", "src\Crimson\CLI\CLI.csproj", "{4A0488CE-7275-4743-B968-6F4A0B593763}"
EndProject
Project("{9A19103F-16F7-4668-BE54-9A1E7A4F7556}") = "BerryMVC", "src\Berry\BerryMVC\BerryMVC.csproj", "{8FABE162-D05F-46E0-B79E-135BAC4C800C}"
EndProject
Project("{2150E333-8FDC-42A3-9474-1A3956D46DE8}") = "Crimson", "Crimson", "{32E5BDDE-641C-46AC-9697-D01FD4366C05}"
EndProject
Project("{2150E333-8FDC-42A3-9474-1A3956D46DE8}") = "Berry", "Berry", "{DDDCA9CE-A510-4CF3-85F1-FFBB6AAB9D6E}"
EndProject
Project("{FAE04EC0-301F-11D3-BF4B-00C04F79EFBC}") = "Linker", "src\Crimson\Linker\Linker.csproj", "{04E725EA-3E03-48D3-AF36-19657A070A1D}"
EndProject
Global
	GlobalSection(SolutionConfigurationPlatforms) = preSolution
		Debug|Any CPU = Debug|Any CPU
		Release|Any CPU = Release|Any CPU
	EndGlobalSection
	GlobalSection(ProjectConfigurationPlatforms) = postSolution
		{8DC925CA-2A3C-48CB-8A94-B10D205C0C2E}.Debug|Any CPU.ActiveCfg = Debug|Any CPU
		{8DC925CA-2A3C-48CB-8A94-B10D205C0C2E}.Debug|Any CPU.Build.0 = Debug|Any CPU
		{8DC925CA-2A3C-48CB-8A94-B10D205C0C2E}.Release|Any CPU.ActiveCfg = Release|Any CPU
		{8DC925CA-2A3C-48CB-8A94-B10D205C0C2E}.Release|Any CPU.Build.0 = Release|Any CPU
		{AAF8FD6A-A002-4C31-88F7-4A8CC2B6CB83}.Debug|Any CPU.ActiveCfg = Debug|Any CPU
		{AAF8FD6A-A002-4C31-88F7-4A8CC2B6CB83}.Debug|Any CPU.Build.0 = Debug|Any CPU
		{AAF8FD6A-A002-4C31-88F7-4A8CC2B6CB83}.Release|Any CPU.ActiveCfg = Release|Any CPU
		{AAF8FD6A-A002-4C31-88F7-4A8CC2B6CB83}.Release|Any CPU.Build.0 = Release|Any CPU
		{6809D38B-0C6B-4879-948E-5CA0BD811F38}.Debug|Any CPU.ActiveCfg = Debug|Any CPU
		{6809D38B-0C6B-4879-948E-5CA0BD811F38}.Debug|Any CPU.Build.0 = Debug|Any CPU
		{6809D38B-0C6B-4879-948E-5CA0BD811F38}.Release|Any CPU.ActiveCfg = Release|Any CPU
		{6809D38B-0C6B-4879-948E-5CA0BD811F38}.Release|Any CPU.Build.0 = Release|Any CPU
		{4A0488CE-7275-4743-B968-6F4A0B593763}.Debug|Any CPU.ActiveCfg = Debug|Any CPU
		{4A0488CE-7275-4743-B968-6F4A0B593763}.Debug|Any CPU.Build.0 = Debug|Any CPU
		{4A0488CE-7275-4743-B968-6F4A0B593763}.Release|Any CPU.ActiveCfg = Release|Any CPU
		{4A0488CE-7275-4743-B968-6F4A0B593763}.Release|Any CPU.Build.0 = Release|Any CPU
		{8FABE162-D05F-46E0-B79E-135BAC4C800C}.Debug|Any CPU.ActiveCfg = Debug|Any CPU
		{8FABE162-D05F-46E0-B79E-135BAC4C800C}.Debug|Any CPU.Build.0 = Debug|Any CPU
		{8FABE162-D05F-46E0-B79E-135BAC4C800C}.Release|Any CPU.ActiveCfg = Release|Any CPU
		{8FABE162-D05F-46E0-B79E-135BAC4C800C}.Release|Any CPU.Build.0 = Release|Any CPU
		{04E725EA-3E03-48D3-AF36-19657A070A1D}.Debug|Any CPU.ActiveCfg = Debug|Any CPU
		{04E725EA-3E03-48D3-AF36-19657A070A1D}.Debug|Any CPU.Build.0 = Debug|Any CPU
		{04E725EA-3E03-48D3-AF36-19657A070A1D}.Release|Any CPU.ActiveCfg = Release|Any CPU
		{04E725EA-3E03-48D3-AF36-19657A070A1D}.Release|Any CPU.Build.0 = Release|Any CPU
	EndGlobalSection
	GlobalSection(SolutionProperties) = preSolution
		HideSolutionNode = FALSE
	EndGlobalSection
	GlobalSection(NestedProjects) = preSolution
		{6809D38B-0C6B-4879-948E-5CA0BD811F38} = {32E5BDDE-641C-46AC-9697-D01FD4366C05}
		{4A0488CE-7275-4743-B968-6F4A0B593763} = {32E5BDDE-641C-46AC-9697-D01FD4366C05}
		{8FABE162-D05F-46E0-B79E-135BAC4C800C} = {DDDCA9CE-A510-4CF3-85F1-FFBB6AAB9D6E}
		{04E725EA-3E03-48D3-AF36-19657A070A1D} = {32E5BDDE-641C-46AC-9697-D01FD4366C05}
	EndGlobalSection
	GlobalSection(ExtensibilityGlobals) = postSolution
		SolutionGuid = {D0C9DAE1-35F2-4EFE-AE99-5AE8F7C63DC1}
	EndGlobalSection
EndGlobal
