
Microsoft Visual Studio Solution File, Format Version 12.00
# Visual Studio Version 17
VisualStudioVersion = 17.3.32901.215
MinimumVisualStudioVersion = 10.0.40219.1

Global
	GlobalSection(SolutionConfigurationPlatforms) = preSolution
		Debug|Any CPU = Debug|Any CPU
		Release|Any CPU = Release|Any CPU
	EndGlobalSection
	GlobalSection(ProjectConfigurationPlatforms) = postSolution
		{55BE68DD-C229-49FD-BBD6-CC7BA66B6800}.Debug|Any CPU.ActiveCfg = Debug|Any CPU
		{55BE68DD-C229-49FD-BBD6-CC7BA66B6800}.Debug|Any CPU.Build.0 = Debug|Any CPU
		{55BE68DD-C229-49FD-BBD6-CC7BA66B6800}.Release|Any CPU.ActiveCfg = Release|Any CPU
		{55BE68DD-C229-49FD-BBD6-CC7BA66B6800}.Release|Any CPU.Build.0 = Release|Any CPU
		{9C2593E0-C1DD-4F85-B328-1FE10475BBC7}.Debug|Any CPU.ActiveCfg = Debug|Any CPU
		{9C2593E0-C1DD-4F85-B328-1FE10475BBC7}.Debug|Any CPU.Build.0 = Debug|Any CPU
		{9C2593E0-C1DD-4F85-B328-1FE10475BBC7}.Release|Any CPU.ActiveCfg = Release|Any CPU
		{9C2593E0-C1DD-4F85-B328-1FE10475BBC7}.Release|Any CPU.Build.0 = Release|Any CPU
		{1AC675C0-B0DF-4B4B-B543-DE3D59214981}.Debug|Any CPU.ActiveCfg = Debug|Any CPU
		{1AC675C0-B0DF-4B4B-B543-DE3D59214981}.Debug|Any CPU.Build.0 = Debug|Any CPU
		{1AC675C0-B0DF-4B4B-B543-DE3D59214981}.Release|Any CPU.ActiveCfg = Release|Any CPU
		{1AC675C0-B0DF-4B4B-B543-DE3D59214981}.Release|Any CPU.Build.0 = Release|Any CPU
		{C2605056-E809-4556-A3FE-1BC00601879A}.Debug|Any CPU.ActiveCfg = Debug|Any CPU
		{C2605056-E809-4556-A3FE-1BC00601879A}.Debug|Any CPU.Build.0 = Debug|Any CPU
		{C2605056-E809-4556-A3FE-1BC00601879A}.Release|Any CPU.ActiveCfg = Release|Any CPU
		{C2605056-E809-4556-A3FE-1BC00601879A}.Release|Any CPU.Build.0 = Release|Any CPU
	EndGlobalSection
	GlobalSection(SolutionProperties) = preSolution
		HideSolutionNode = FALSE
	EndGlobalSection
	GlobalSection(ExtensibilityGlobals) = postSolution
		SolutionGuid = {D0C9DAE1-35F2-4EFE-AE99-5AE8F7C63DC1}
	EndGlobalSection
EndGlobal
